
Microsoft Visual Studio Solution File, Format Version 12.00
# Visual Studio Version 17
VisualStudioVersion = 17.14.36717.8
MinimumVisualStudioVersion = 10.0.40219.1
Project("{8BC9CEB8-8B4A-11D0-8D11-00A0C91BC942}") = "Program", "Program.vcxproj", "{C1944E08-DC27-45C3-BFBC-19EFDE44FE4A}"
EndProject
Project("{8BC9CEB8-8B4A-11D0-8D11-00A0C91BC942}") = "class1th (compile)", "..\class1th (compile)\class1th (compile).vcxproj", "{AC42D9F6-4552-41BC-950A-D319EA64E6DB}"
EndProject
Project("{8BC9CEB8-8B4A-11D0-8D11-00A0C91BC942}") = "Class2th (Variable & Constant)", "..\Class2th (Variable & Constant)\Class2th (Variable & Constant).vcxproj", "{8CBF4C37-D006-486B-9873-651959E70093}"
EndProject
Project("{8BC9CEB8-8B4A-11D0-8D11-00A0C91BC942}") = "classs3th (bit)", "..\classs3th (bit)\classs3th (bit).vcxproj", "{FE98B91F-6EF5-4850-BFA6-CC0C14CE7E33}"
EndProject
Project("{8BC9CEB8-8B4A-11D0-8D11-00A0C91BC942}") = "class4th (Overflow&underflow)", "..\class4th (Overflow&underflow)\class4th (Overflow&underflow).vcxproj", "{5EFB842C-77BE-4328-BBCE-E5560A6C3A31}"
EndProject
Project("{8BC9CEB8-8B4A-11D0-8D11-00A0C91BC942}") = "class 5tg(Conditon statement)", "..\class 5tg(Conditon statement)\class 5tg(Conditon statement).vcxproj", "{F3FF6F4D-B721-41B5-9020-53A936F6ACA3}"
EndProject
Project("{8BC9CEB8-8B4A-11D0-8D11-00A0C91BC942}") = "class 6th(iteration Statement)", "..\class 6th(iteration Statement)\class 6th(iteration Statement).vcxproj", "{50EA5583-47EA-4188-BBB7-54DA1EAD4D43}"
EndProject
Project("{8BC9CEB8-8B4A-11D0-8D11-00A0C91BC942}") = "classs 7th (Type Conversion))", "..\classs 7th (Type Conversion))\classs 7th (Type Conversion)).vcxproj", "{755734DB-69EF-42C8-872B-7E9AF07C2652}"
EndProject
Project("{8BC9CEB8-8B4A-11D0-8D11-00A0C91BC942}") = "class8th (pointer)", "..\class8th (pointer)\class8th (pointer).vcxproj", "{411AC95F-B729-448D-B6AF-322E5BC6E48D}"
EndProject
Project("{8BC9CEB8-8B4A-11D0-8D11-00A0C91BC942}") = "classs9th (Array)", "..\classs9th (Array)\classs9th (Array).vcxproj", "{616FA376-CFDD-491F-818A-B2B15A94691B}"
EndProject
Project("{8BC9CEB8-8B4A-11D0-8D11-00A0C91BC942}") = "class10th (Punction)", "..\class10th (Punction)\class10th (Punction).vcxproj", "{FEB141B3-F2F0-4AC6-95AE-C9167DA8C9BD}"
EndProject
Project("{8BC9CEB8-8B4A-11D0-8D11-00A0C91BC942}") = "class11th (Storage)", "..\class11th (Storage)\class11th (Storage).vcxproj", "{AE31B6DA-7E26-4A40-954A-09B4E8F3556C}"
EndProject
Project("{8BC9CEB8-8B4A-11D0-8D11-00A0C91BC942}") = "Class 12th (Dynamic Allocation)", "..\Class 12th (Dynamic Allocation)\Class 12th (Dynamic Allocation).vcxproj", "{C2270358-871C-4169-9937-E6A3DF246C7F}"
EndProject
Global
	GlobalSection(SolutionConfigurationPlatforms) = preSolution
		Debug|x64 = Debug|x64
		Debug|x86 = Debug|x86
		Release|x64 = Release|x64
		Release|x86 = Release|x86
	EndGlobalSection
	GlobalSection(ProjectConfigurationPlatforms) = postSolution
		{C1944E08-DC27-45C3-BFBC-19EFDE44FE4A}.Debug|x64.ActiveCfg = Debug|x64
		{C1944E08-DC27-45C3-BFBC-19EFDE44FE4A}.Debug|x64.Build.0 = Debug|x64
		{C1944E08-DC27-45C3-BFBC-19EFDE44FE4A}.Debug|x86.ActiveCfg = Debug|Win32
		{C1944E08-DC27-45C3-BFBC-19EFDE44FE4A}.Debug|x86.Build.0 = Debug|Win32
		{C1944E08-DC27-45C3-BFBC-19EFDE44FE4A}.Release|x64.ActiveCfg = Release|x64
		{C1944E08-DC27-45C3-BFBC-19EFDE44FE4A}.Release|x64.Build.0 = Release|x64
		{C1944E08-DC27-45C3-BFBC-19EFDE44FE4A}.Release|x86.ActiveCfg = Release|Win32
		{C1944E08-DC27-45C3-BFBC-19EFDE44FE4A}.Release|x86.Build.0 = Release|Win32
		{AC42D9F6-4552-41BC-950A-D319EA64E6DB}.Debug|x64.ActiveCfg = Debug|x64
		{AC42D9F6-4552-41BC-950A-D319EA64E6DB}.Debug|x64.Build.0 = Debug|x64
		{AC42D9F6-4552-41BC-950A-D319EA64E6DB}.Debug|x86.ActiveCfg = Debug|Win32
		{AC42D9F6-4552-41BC-950A-D319EA64E6DB}.Debug|x86.Build.0 = Debug|Win32
		{AC42D9F6-4552-41BC-950A-D319EA64E6DB}.Release|x64.ActiveCfg = Release|x64
		{AC42D9F6-4552-41BC-950A-D319EA64E6DB}.Release|x64.Build.0 = Release|x64
		{AC42D9F6-4552-41BC-950A-D319EA64E6DB}.Release|x86.ActiveCfg = Release|Win32
		{AC42D9F6-4552-41BC-950A-D319EA64E6DB}.Release|x86.Build.0 = Release|Win32
		{8CBF4C37-D006-486B-9873-651959E70093}.Debug|x64.ActiveCfg = Debug|x64
		{8CBF4C37-D006-486B-9873-651959E70093}.Debug|x64.Build.0 = Debug|x64
		{8CBF4C37-D006-486B-9873-651959E70093}.Debug|x86.ActiveCfg = Debug|Win32
		{8CBF4C37-D006-486B-9873-651959E70093}.Debug|x86.Build.0 = Debug|Win32
		{8CBF4C37-D006-486B-9873-651959E70093}.Release|x64.ActiveCfg = Release|x64
		{8CBF4C37-D006-486B-9873-651959E70093}.Release|x64.Build.0 = Release|x64
		{8CBF4C37-D006-486B-9873-651959E70093}.Release|x86.ActiveCfg = Release|Win32
		{8CBF4C37-D006-486B-9873-651959E70093}.Release|x86.Build.0 = Release|Win32
		{FE98B91F-6EF5-4850-BFA6-CC0C14CE7E33}.Debug|x64.ActiveCfg = Debug|x64
		{FE98B91F-6EF5-4850-BFA6-CC0C14CE7E33}.Debug|x64.Build.0 = Debug|x64
		{FE98B91F-6EF5-4850-BFA6-CC0C14CE7E33}.Debug|x86.ActiveCfg = Debug|Win32
		{FE98B91F-6EF5-4850-BFA6-CC0C14CE7E33}.Debug|x86.Build.0 = Debug|Win32
		{FE98B91F-6EF5-4850-BFA6-CC0C14CE7E33}.Release|x64.ActiveCfg = Release|x64
		{FE98B91F-6EF5-4850-BFA6-CC0C14CE7E33}.Release|x64.Build.0 = Release|x64
		{FE98B91F-6EF5-4850-BFA6-CC0C14CE7E33}.Release|x86.ActiveCfg = Release|Win32
		{FE98B91F-6EF5-4850-BFA6-CC0C14CE7E33}.Release|x86.Build.0 = Release|Win32
		{5EFB842C-77BE-4328-BBCE-E5560A6C3A31}.Debug|x64.ActiveCfg = Debug|x64
		{5EFB842C-77BE-4328-BBCE-E5560A6C3A31}.Debug|x64.Build.0 = Debug|x64
		{5EFB842C-77BE-4328-BBCE-E5560A6C3A31}.Debug|x86.ActiveCfg = Debug|Win32
		{5EFB842C-77BE-4328-BBCE-E5560A6C3A31}.Debug|x86.Build.0 = Debug|Win32
		{5EFB842C-77BE-4328-BBCE-E5560A6C3A31}.Release|x64.ActiveCfg = Release|x64
		{5EFB842C-77BE-4328-BBCE-E5560A6C3A31}.Release|x64.Build.0 = Release|x64
		{5EFB842C-77BE-4328-BBCE-E5560A6C3A31}.Release|x86.ActiveCfg = Release|Win32
		{5EFB842C-77BE-4328-BBCE-E5560A6C3A31}.Release|x86.Build.0 = Release|Win32
		{F3FF6F4D-B721-41B5-9020-53A936F6ACA3}.Debug|x64.ActiveCfg = Debug|x64
		{F3FF6F4D-B721-41B5-9020-53A936F6ACA3}.Debug|x64.Build.0 = Debug|x64
		{F3FF6F4D-B721-41B5-9020-53A936F6ACA3}.Debug|x86.ActiveCfg = Debug|Win32
		{F3FF6F4D-B721-41B5-9020-53A936F6ACA3}.Debug|x86.Build.0 = Debug|Win32
		{F3FF6F4D-B721-41B5-9020-53A936F6ACA3}.Release|x64.ActiveCfg = Release|x64
		{F3FF6F4D-B721-41B5-9020-53A936F6ACA3}.Release|x64.Build.0 = Release|x64
		{F3FF6F4D-B721-41B5-9020-53A936F6ACA3}.Release|x86.ActiveCfg = Release|Win32
		{F3FF6F4D-B721-41B5-9020-53A936F6ACA3}.Release|x86.Build.0 = Release|Win32
		{50EA5583-47EA-4188-BBB7-54DA1EAD4D43}.Debug|x64.ActiveCfg = Debug|x64
		{50EA5583-47EA-4188-BBB7-54DA1EAD4D43}.Debug|x64.Build.0 = Debug|x64
		{50EA5583-47EA-4188-BBB7-54DA1EAD4D43}.Debug|x86.ActiveCfg = Debug|Win32
		{50EA5583-47EA-4188-BBB7-54DA1EAD4D43}.Debug|x86.Build.0 = Debug|Win32
		{50EA5583-47EA-4188-BBB7-54DA1EAD4D43}.Release|x64.ActiveCfg = Release|x64
		{50EA5583-47EA-4188-BBB7-54DA1EAD4D43}.Release|x64.Build.0 = Release|x64
		{50EA5583-47EA-4188-BBB7-54DA1EAD4D43}.Release|x86.ActiveCfg = Release|Win32
		{50EA5583-47EA-4188-BBB7-54DA1EAD4D43}.Release|x86.Build.0 = Release|Win32
		{755734DB-69EF-42C8-872B-7E9AF07C2652}.Debug|x64.ActiveCfg = Debug|x64
		{755734DB-69EF-42C8-872B-7E9AF07C2652}.Debug|x64.Build.0 = Debug|x64
		{755734DB-69EF-42C8-872B-7E9AF07C2652}.Debug|x86.ActiveCfg = Debug|Win32
		{755734DB-69EF-42C8-872B-7E9AF07C2652}.Debug|x86.Build.0 = Debug|Win32
		{755734DB-69EF-42C8-872B-7E9AF07C2652}.Release|x64.ActiveCfg = Release|x64
		{755734DB-69EF-42C8-872B-7E9AF07C2652}.Release|x64.Build.0 = Release|x64
		{755734DB-69EF-42C8-872B-7E9AF07C2652}.Release|x86.ActiveCfg = Release|Win32
		{755734DB-69EF-42C8-872B-7E9AF07C2652}.Release|x86.Build.0 = Release|Win32
		{411AC95F-B729-448D-B6AF-322E5BC6E48D}.Debug|x64.ActiveCfg = Debug|x64
		{411AC95F-B729-448D-B6AF-322E5BC6E48D}.Debug|x64.Build.0 = Debug|x64
		{411AC95F-B729-448D-B6AF-322E5BC6E48D}.Debug|x86.ActiveCfg = Debug|Win32
		{411AC95F-B729-448D-B6AF-322E5BC6E48D}.Debug|x86.Build.0 = Debug|Win32
		{411AC95F-B729-448D-B6AF-322E5BC6E48D}.Release|x64.ActiveCfg = Release|x64
		{411AC95F-B729-448D-B6AF-322E5BC6E48D}.Release|x64.Build.0 = Release|x64
		{411AC95F-B729-448D-B6AF-322E5BC6E48D}.Release|x86.ActiveCfg = Release|Win32
		{411AC95F-B729-448D-B6AF-322E5BC6E48D}.Release|x86.Build.0 = Release|Win32
		{616FA376-CFDD-491F-818A-B2B15A94691B}.Debug|x64.ActiveCfg = Debug|x64
		{616FA376-CFDD-491F-818A-B2B15A94691B}.Debug|x64.Build.0 = Debug|x64
		{616FA376-CFDD-491F-818A-B2B15A94691B}.Debug|x86.ActiveCfg = Debug|Win32
		{616FA376-CFDD-491F-818A-B2B15A94691B}.Debug|x86.Build.0 = Debug|Win32
		{616FA376-CFDD-491F-818A-B2B15A94691B}.Release|x64.ActiveCfg = Release|x64
		{616FA376-CFDD-491F-818A-B2B15A94691B}.Release|x64.Build.0 = Release|x64
		{616FA376-CFDD-491F-818A-B2B15A94691B}.Release|x86.ActiveCfg = Release|Win32
		{616FA376-CFDD-491F-818A-B2B15A94691B}.Release|x86.Build.0 = Release|Win32
		{FEB141B3-F2F0-4AC6-95AE-C9167DA8C9BD}.Debug|x64.ActiveCfg = Debug|x64
		{FEB141B3-F2F0-4AC6-95AE-C9167DA8C9BD}.Debug|x64.Build.0 = Debug|x64
		{FEB141B3-F2F0-4AC6-95AE-C9167DA8C9BD}.Debug|x86.ActiveCfg = Debug|Win32
		{FEB141B3-F2F0-4AC6-95AE-C9167DA8C9BD}.Debug|x86.Build.0 = Debug|Win32
		{FEB141B3-F2F0-4AC6-95AE-C9167DA8C9BD}.Release|x64.ActiveCfg = Release|x64
		{FEB141B3-F2F0-4AC6-95AE-C9167DA8C9BD}.Release|x64.Build.0 = Release|x64
		{FEB141B3-F2F0-4AC6-95AE-C9167DA8C9BD}.Release|x86.ActiveCfg = Release|Win32
		{FEB141B3-F2F0-4AC6-95AE-C9167DA8C9BD}.Release|x86.Build.0 = Release|Win32
		{AE31B6DA-7E26-4A40-954A-09B4E8F3556C}.Debug|x64.ActiveCfg = Debug|x64
		{AE31B6DA-7E26-4A40-954A-09B4E8F3556C}.Debug|x64.Build.0 = Debug|x64
		{AE31B6DA-7E26-4A40-954A-09B4E8F3556C}.Debug|x86.ActiveCfg = Debug|Win32
		{AE31B6DA-7E26-4A40-954A-09B4E8F3556C}.Debug|x86.Build.0 = Debug|Win32
		{AE31B6DA-7E26-4A40-954A-09B4E8F3556C}.Release|x64.ActiveCfg = Release|x64
		{AE31B6DA-7E26-4A40-954A-09B4E8F3556C}.Release|x64.Build.0 = Release|x64
		{AE31B6DA-7E26-4A40-954A-09B4E8F3556C}.Release|x86.ActiveCfg = Release|Win32
		{AE31B6DA-7E26-4A40-954A-09B4E8F3556C}.Release|x86.Build.0 = Release|Win32
		{C2270358-871C-4169-9937-E6A3DF246C7F}.Debug|x64.ActiveCfg = Debug|x64
		{C2270358-871C-4169-9937-E6A3DF246C7F}.Debug|x64.Build.0 = Debug|x64
		{C2270358-871C-4169-9937-E6A3DF246C7F}.Debug|x86.ActiveCfg = Debug|Win32
		{C2270358-871C-4169-9937-E6A3DF246C7F}.Debug|x86.Build.0 = Debug|Win32
		{C2270358-871C-4169-9937-E6A3DF246C7F}.Release|x64.ActiveCfg = Release|x64
		{C2270358-871C-4169-9937-E6A3DF246C7F}.Release|x64.Build.0 = Release|x64
		{C2270358-871C-4169-9937-E6A3DF246C7F}.Release|x86.ActiveCfg = Release|Win32
		{C2270358-871C-4169-9937-E6A3DF246C7F}.Release|x86.Build.0 = Release|Win32
	EndGlobalSection
	GlobalSection(SolutionProperties) = preSolution
		HideSolutionNode = FALSE
	EndGlobalSection
	GlobalSection(ExtensibilityGlobals) = postSolution
		SolutionGuid = {90F6DEFA-23F7-485E-BE3F-BC19E3E7D4A5}
	EndGlobalSection
EndGlobal
